
Microsoft Visual Studio Solution File, Format Version 12.00
# Visual Studio Version 16
VisualStudioVersion = 16.0.31624.102
MinimumVisualStudioVersion = 10.0.40219.1
Project("{FAE04EC0-301F-11D3-BF4B-00C04F79EFBC}") = "TokoSepatu", "TokoSepatu\TokoSepatu.csproj", "{D09AE624-A1F3-40ED-8F6B-04CD0A9ED423}"
EndProject
Global
	GlobalSection(SolutionConfigurationPlatforms) = preSolution
		Debug|Any CPU = Debug|Any CPU
		Release|Any CPU = Release|Any CPU
	EndGlobalSection
	GlobalSection(ProjectConfigurationPlatforms) = postSolution
		{D09AE624-A1F3-40ED-8F6B-04CD0A9ED423}.Debug|Any CPU.ActiveCfg = Debug|Any CPU
		{D09AE624-A1F3-40ED-8F6B-04CD0A9ED423}.Debug|Any CPU.Build.0 = Debug|Any CPU
		{D09AE624-A1F3-40ED-8F6B-04CD0A9ED423}.Release|Any CPU.ActiveCfg = Release|Any CPU
		{D09AE624-A1F3-40ED-8F6B-04CD0A9ED423}.Release|Any CPU.Build.0 = Release|Any CPU
	EndGlobalSection
	GlobalSection(SolutionProperties) = preSolution
		HideSolutionNode = FALSE
	EndGlobalSection
	GlobalSection(ExtensibilityGlobals) = postSolution
		SolutionGuid = {DF2E0F30-6F47-4497-AE03-1A692EC4E8AE}
	EndGlobalSection
EndGlobal
